// !$*UTF8*$!
{
	archiveVersion = 1;
	classes = {
	};
	objectVersion = 46;
	objects = {

/* Begin PBXBuildFile section */
		0F7B451A1A903355007AE1A6 /* main.m in Sources */ = {isa = PBXBuildFile; fileRef = 0F7B45191A903355007AE1A6 /* main.m */; };
		0F7B451D1A903355007AE1A6 /* AppDelegate.m in Sources */ = {isa = PBXBuildFile; fileRef = 0F7B451C1A903355007AE1A6 /* AppDelegate.m */; };
		0F7B45201A903355007AE1A6 /* TableDataViewController.m in Sources */ = {isa = PBXBuildFile; fileRef = 0F7B451F1A903355007AE1A6 /* TableDataViewController.m */; };
		0F7B45231A903355007AE1A6 /* Main.storyboard in Resources */ = {isa = PBXBuildFile; fileRef = 0F7B45211A903355007AE1A6 /* Main.storyboard */; };
		0F7B45251A903355007AE1A6 /* Images.xcassets in Resources */ = {isa = PBXBuildFile; fileRef = 0F7B45241A903355007AE1A6 /* Images.xcassets */; };
		0F7B45281A903355007AE1A6 /* LaunchScreen.xib in Resources */ = {isa = PBXBuildFile; fileRef = 0F7B45261A903355007AE1A6 /* LaunchScreen.xib */; };
		0F7B45341A903355007AE1A6 /* GuidebookChallengeTests.m in Sources */ = {isa = PBXBuildFile; fileRef = 0F7B45331A903355007AE1A6 /* GuidebookChallengeTests.m */; };
		0F87BA521A9041340054DA30 /* GuidebookRequest.m in Sources */ = {isa = PBXBuildFile; fileRef = 0F87BA511A9041340054DA30 /* GuidebookRequest.m */; };
		0F87BA571A905EF60054DA30 /* Guide.m in Sources */ = {isa = PBXBuildFile; fileRef = 0F87BA561A905EF60054DA30 /* Guide.m */; };
		0F87BA5A1A90646E0054DA30 /* Venue.m in Sources */ = {isa = PBXBuildFile; fileRef = 0F87BA591A90646E0054DA30 /* Venue.m */; };
		0F87BA5E1A9069160054DA30 /* ObjectFromJSON.m in Sources */ = {isa = PBXBuildFile; fileRef = 0F87BA5D1A9069160054DA30 /* ObjectFromJSON.m */; };
		0F87BA601A908ED00054DA30 /* Localizable.strings in Resources */ = {isa = PBXBuildFile; fileRef = 0F87BA5F1A908ED00054DA30 /* Localizable.strings */; };
		C143ABC820ED0C32595F82D0 /* libPods-GuidebookChallenge.a in Frameworks */ = {isa = PBXBuildFile; fileRef = 6F2D03586C860D1AA8D7293D /* libPods-GuidebookChallenge.a */; };
/* End PBXBuildFile section */

/* Begin PBXContainerItemProxy section */
		0F7B452E1A903355007AE1A6 /* PBXContainerItemProxy */ = {
			isa = PBXContainerItemProxy;
			containerPortal = 0F7B450C1A903355007AE1A6 /* Project object */;
			proxyType = 1;
			remoteGlobalIDString = 0F7B45131A903355007AE1A6;
			remoteInfo = GuidebookChallenge;
		};
/* End PBXContainerItemProxy section */

/* Begin PBXFileReference section */
		0F7B45141A903355007AE1A6 /* GuidebookChallenge.app */ = {isa = PBXFileReference; explicitFileType = wrapper.application; includeInIndex = 0; path = GuidebookChallenge.app; sourceTree = BUILT_PRODUCTS_DIR; };
		0F7B45181A903355007AE1A6 /* Info.plist */ = {isa = PBXFileReference; lastKnownFileType = text.plist.xml; path = Info.plist; sourceTree = "<group>"; };
		0F7B45191A903355007AE1A6 /* main.m */ = {isa = PBXFileReference; lastKnownFileType = sourcecode.c.objc; path = main.m; sourceTree = "<group>"; };
		0F7B451B1A903355007AE1A6 /* AppDelegate.h */ = {isa = PBXFileReference; lastKnownFileType = sourcecode.c.h; path = AppDelegate.h; sourceTree = "<group>"; };
		0F7B451C1A903355007AE1A6 /* AppDelegate.m */ = {isa = PBXFileReference; lastKnownFileType = sourcecode.c.objc; path = AppDelegate.m; sourceTree = "<group>"; };
		0F7B451E1A903355007AE1A6 /* TableDataViewController.h */ = {isa = PBXFileReference; lastKnownFileType = sourcecode.c.h; path = TableDataViewController.h; sourceTree = "<group>"; };
		0F7B451F1A903355007AE1A6 /* TableDataViewController.m */ = {isa = PBXFileReference; lastKnownFileType = sourcecode.c.objc; path = TableDataViewController.m; sourceTree = "<group>"; };
		0F7B45221A903355007AE1A6 /* Base */ = {isa = PBXFileReference; lastKnownFileType = file.storyboard; name = Base; path = Base.lproj/Main.storyboard; sourceTree = "<group>"; };
		0F7B45241A903355007AE1A6 /* Images.xcassets */ = {isa = PBXFileReference; lastKnownFileType = folder.assetcatalog; path = Images.xcassets; sourceTree = "<group>"; };
		0F7B45271A903355007AE1A6 /* Base */ = {isa = PBXFileReference; lastKnownFileType = file.xib; name = Base; path = Base.lproj/LaunchScreen.xib; sourceTree = "<group>"; };
		0F7B452D1A903355007AE1A6 /* GuidebookChallengeTests.xctest */ = {isa = PBXFileReference; explicitFileType = wrapper.cfbundle; includeInIndex = 0; path = GuidebookChallengeTests.xctest; sourceTree = BUILT_PRODUCTS_DIR; };
		0F7B45321A903355007AE1A6 /* Info.plist */ = {isa = PBXFileReference; lastKnownFileType = text.plist.xml; path = Info.plist; sourceTree = "<group>"; };
		0F7B45331A903355007AE1A6 /* GuidebookChallengeTests.m */ = {isa = PBXFileReference; lastKnownFileType = sourcecode.c.objc; path = GuidebookChallengeTests.m; sourceTree = "<group>"; };
		0F87BA501A9041340054DA30 /* GuidebookRequest.h */ = {isa = PBXFileReference; fileEncoding = 4; lastKnownFileType = sourcecode.c.h; path = GuidebookRequest.h; sourceTree = "<group>"; };
		0F87BA511A9041340054DA30 /* GuidebookRequest.m */ = {isa = PBXFileReference; fileEncoding = 4; lastKnownFileType = sourcecode.c.objc; path = GuidebookRequest.m; sourceTree = "<group>"; };
		0F87BA551A905EF60054DA30 /* Guide.h */ = {isa = PBXFileReference; fileEncoding = 4; lastKnownFileType = sourcecode.c.h; path = Guide.h; sourceTree = "<group>"; };
		0F87BA561A905EF60054DA30 /* Guide.m */ = {isa = PBXFileReference; fileEncoding = 4; lastKnownFileType = sourcecode.c.objc; path = Guide.m; sourceTree = "<group>"; };
		0F87BA581A90646E0054DA30 /* Venue.h */ = {isa = PBXFileReference; fileEncoding = 4; lastKnownFileType = sourcecode.c.h; path = Venue.h; sourceTree = "<group>"; };
		0F87BA591A90646E0054DA30 /* Venue.m */ = {isa = PBXFileReference; fileEncoding = 4; lastKnownFileType = sourcecode.c.objc; path = Venue.m; sourceTree = "<group>"; };
		0F87BA5C1A9069160054DA30 /* ObjectFromJSON.h */ = {isa = PBXFileReference; fileEncoding = 4; lastKnownFileType = sourcecode.c.h; path = ObjectFromJSON.h; sourceTree = "<group>"; };
		0F87BA5D1A9069160054DA30 /* ObjectFromJSON.m */ = {isa = PBXFileReference; fileEncoding = 4; lastKnownFileType = sourcecode.c.objc; path = ObjectFromJSON.m; sourceTree = "<group>"; };
		0F87BA5F1A908ED00054DA30 /* Localizable.strings */ = {isa = PBXFileReference; fileEncoding = 4; lastKnownFileType = text.plist.strings; path = Localizable.strings; sourceTree = "<group>"; };
		6F2D03586C860D1AA8D7293D /* libPods-GuidebookChallenge.a */ = {isa = PBXFileReference; explicitFileType = archive.ar; includeInIndex = 0; path = "libPods-GuidebookChallenge.a"; sourceTree = BUILT_PRODUCTS_DIR; };
		DAB823FF92D326B294F4380D /* Pods-GuidebookChallenge.debug.xcconfig */ = {isa = PBXFileReference; includeInIndex = 1; lastKnownFileType = text.xcconfig; name = "Pods-GuidebookChallenge.debug.xcconfig"; path = "../Pods/Target Support Files/Pods-GuidebookChallenge/Pods-GuidebookChallenge.debug.xcconfig"; sourceTree = "<group>"; };
		FA1CDD3AAC14DADCF2F30395 /* Pods-GuidebookChallenge.release.xcconfig */ = {isa = PBXFileReference; includeInIndex = 1; lastKnownFileType = text.xcconfig; name = "Pods-GuidebookChallenge.release.xcconfig"; path = "../Pods/Target Support Files/Pods-GuidebookChallenge/Pods-GuidebookChallenge.release.xcconfig"; sourceTree = "<group>"; };
/* End PBXFileReference section */

/* Begin PBXFrameworksBuildPhase section */
		0F7B45111A903355007AE1A6 /* Frameworks */ = {
			isa = PBXFrameworksBuildPhase;
			buildActionMask = 2147483647;
			files = (
				C143ABC820ED0C32595F82D0 /* libPods-GuidebookChallenge.a in Frameworks */,
			);
			runOnlyForDeploymentPostprocessing = 0;
		};
		0F7B452A1A903355007AE1A6 /* Frameworks */ = {
			isa = PBXFrameworksBuildPhase;
			buildActionMask = 2147483647;
			files = (
			);
			runOnlyForDeploymentPostprocessing = 0;
		};
/* End PBXFrameworksBuildPhase section */

/* Begin PBXGroup section */
		0F7B450B1A903355007AE1A6 = {
			isa = PBXGroup;
			children = (
				0F7B45161A903355007AE1A6 /* GuidebookChallenge */,
				0F7B45301A903355007AE1A6 /* GuidebookChallengeTests */,
				0F7B45151A903355007AE1A6 /* Products */,
				452EF33E492E45CF195BB3CA /* Pods */,
				7BA000CC065FB3C466DA1692 /* Frameworks */,
			);
			sourceTree = "<group>";
		};
		0F7B45151A903355007AE1A6 /* Products */ = {
			isa = PBXGroup;
			children = (
				0F7B45141A903355007AE1A6 /* GuidebookChallenge.app */,
				0F7B452D1A903355007AE1A6 /* GuidebookChallengeTests.xctest */,
			);
			name = Products;
			sourceTree = "<group>";
		};
		0F7B45161A903355007AE1A6 /* GuidebookChallenge */ = {
			isa = PBXGroup;
			children = (
				0F87BA541A905EDC0054DA30 /* Model */,
				0F87BA4F1A9041090054DA30 /* Classes */,
				0F7B451B1A903355007AE1A6 /* AppDelegate.h */,
				0F7B451C1A903355007AE1A6 /* AppDelegate.m */,
				0F7B451E1A903355007AE1A6 /* TableDataViewController.h */,
				0F7B451F1A903355007AE1A6 /* TableDataViewController.m */,
				0F7B45211A903355007AE1A6 /* Main.storyboard */,
				0F7B45241A903355007AE1A6 /* Images.xcassets */,
				0F7B45261A903355007AE1A6 /* LaunchScreen.xib */,
				0F7B45171A903355007AE1A6 /* Supporting Files */,
			);
			path = GuidebookChallenge;
			sourceTree = "<group>";
		};
		0F7B45171A903355007AE1A6 /* Supporting Files */ = {
			isa = PBXGroup;
			children = (
				0F7B45181A903355007AE1A6 /* Info.plist */,
				0F7B45191A903355007AE1A6 /* main.m */,
				0F87BA5F1A908ED00054DA30 /* Localizable.strings */,
			);
			name = "Supporting Files";
			sourceTree = "<group>";
		};
		0F7B45301A903355007AE1A6 /* GuidebookChallengeTests */ = {
			isa = PBXGroup;
			children = (
				0F7B45331A903355007AE1A6 /* GuidebookChallengeTests.m */,
				0F7B45311A903355007AE1A6 /* Supporting Files */,
			);
			path = GuidebookChallengeTests;
			sourceTree = "<group>";
		};
		0F7B45311A903355007AE1A6 /* Supporting Files */ = {
			isa = PBXGroup;
			children = (
				0F7B45321A903355007AE1A6 /* Info.plist */,
			);
			name = "Supporting Files";
			sourceTree = "<group>";
		};
		0F87BA4F1A9041090054DA30 /* Classes */ = {
			isa = PBXGroup;
			children = (
				0F87BA501A9041340054DA30 /* GuidebookRequest.h */,
				0F87BA511A9041340054DA30 /* GuidebookRequest.m */,
			);
			path = Classes;
			sourceTree = "<group>";
		};
		0F87BA541A905EDC0054DA30 /* Model */ = {
			isa = PBXGroup;
			children = (
				0F87BA551A905EF60054DA30 /* Guide.h */,
				0F87BA561A905EF60054DA30 /* Guide.m */,
				0F87BA581A90646E0054DA30 /* Venue.h */,
				0F87BA591A90646E0054DA30 /* Venue.m */,
				0F87BA5C1A9069160054DA30 /* ObjectFromJSON.h */,
				0F87BA5D1A9069160054DA30 /* ObjectFromJSON.m */,
			);
			path = Model;
			sourceTree = "<group>";
		};
		452EF33E492E45CF195BB3CA /* Pods */ = {
			isa = PBXGroup;
			children = (
				DAB823FF92D326B294F4380D /* Pods-GuidebookChallenge.debug.xcconfig */,
				FA1CDD3AAC14DADCF2F30395 /* Pods-GuidebookChallenge.release.xcconfig */,
			);
			name = Pods;
			sourceTree = "<group>";
		};
		7BA000CC065FB3C466DA1692 /* Frameworks */ = {
			isa = PBXGroup;
			children = (
				6F2D03586C860D1AA8D7293D /* libPods-GuidebookChallenge.a */,
			);
			name = Frameworks;
			sourceTree = "<group>";
		};
/* End PBXGroup section */

/* Begin PBXNativeTarget section */
		0F7B45131A903355007AE1A6 /* GuidebookChallenge */ = {
			isa = PBXNativeTarget;
			buildConfigurationList = 0F7B45371A903355007AE1A6 /* Build configuration list for PBXNativeTarget "GuidebookChallenge" */;
			buildPhases = (
				842542C8448C0190F1223C88 /* Check Pods Manifest.lock */,
				0F7B45101A903355007AE1A6 /* Sources */,
				0F7B45111A903355007AE1A6 /* Frameworks */,
				0F7B45121A903355007AE1A6 /* Resources */,
				C73557FE82CAFB4ADD8334A0 /* Copy Pods Resources */,
			);
			buildRules = (
			);
			dependencies = (
			);
			name = GuidebookChallenge;
			productName = GuidebookChallenge;
			productReference = 0F7B45141A903355007AE1A6 /* GuidebookChallenge.app */;
			productType = "com.apple.product-type.application";
		};
		0F7B452C1A903355007AE1A6 /* GuidebookChallengeTests */ = {
			isa = PBXNativeTarget;
			buildConfigurationList = 0F7B453A1A903355007AE1A6 /* Build configuration list for PBXNativeTarget "GuidebookChallengeTests" */;
			buildPhases = (
				0F7B45291A903355007AE1A6 /* Sources */,
				0F7B452A1A903355007AE1A6 /* Frameworks */,
				0F7B452B1A903355007AE1A6 /* Resources */,
			);
			buildRules = (
			);
			dependencies = (
				0F7B452F1A903355007AE1A6 /* PBXTargetDependency */,
			);
			name = GuidebookChallengeTests;
			productName = GuidebookChallengeTests;
			productReference = 0F7B452D1A903355007AE1A6 /* GuidebookChallengeTests.xctest */;
			productType = "com.apple.product-type.bundle.unit-test";
		};
/* End PBXNativeTarget section */

/* Begin PBXProject section */
		0F7B450C1A903355007AE1A6 /* Project object */ = {
			isa = PBXProject;
			attributes = {
				LastUpgradeCheck = 0610;
				ORGANIZATIONNAME = LiloHass;
				TargetAttributes = {
					0F7B45131A903355007AE1A6 = {
						CreatedOnToolsVersion = 6.1.1;
					};
					0F7B452C1A903355007AE1A6 = {
						CreatedOnToolsVersion = 6.1.1;
						TestTargetID = 0F7B45131A903355007AE1A6;
					};
				};
			};
			buildConfigurationList = 0F7B450F1A903355007AE1A6 /* Build configuration list for PBXProject "GuidebookChallenge" */;
			compatibilityVersion = "Xcode 3.2";
			developmentRegion = English;
			hasScannedForEncodings = 0;
			knownRegions = (
				en,
				Base,
			);
			mainGroup = 0F7B450B1A903355007AE1A6;
			productRefGroup = 0F7B45151A903355007AE1A6 /* Products */;
			projectDirPath = "";
			projectRoot = "";
			targets = (
				0F7B45131A903355007AE1A6 /* GuidebookChallenge */,
				0F7B452C1A903355007AE1A6 /* GuidebookChallengeTests */,
			);
		};
/* End PBXProject section */

/* Begin PBXResourcesBuildPhase section */
		0F7B45121A903355007AE1A6 /* Resources */ = {
			isa = PBXResourcesBuildPhase;
			buildActionMask = 2147483647;
			files = (
				0F87BA601A908ED00054DA30 /* Localizable.strings in Resources */,
				0F7B45231A903355007AE1A6 /* Main.storyboard in Resources */,
				0F7B45281A903355007AE1A6 /* LaunchScreen.xib in Resources */,
				0F7B45251A903355007AE1A6 /* Images.xcassets in Resources */,
			);
			runOnlyForDeploymentPostprocessing = 0;
		};
		0F7B452B1A903355007AE1A6 /* Resources */ = {
			isa = PBXResourcesBuildPhase;
			buildActionMask = 2147483647;
			files = (
			);
			runOnlyForDeploymentPostprocessing = 0;
		};
/* End PBXResourcesBuildPhase section */

/* Begin PBXShellScriptBuildPhase section */
		842542C8448C0190F1223C88 /* Check Pods Manifest.lock */ = {
			isa = PBXShellScriptBuildPhase;
			buildActionMask = 2147483647;
			files = (
			);
			inputPaths = (
			);
			name = "Check Pods Manifest.lock";
			outputPaths = (
			);
			runOnlyForDeploymentPostprocessing = 0;
			shellPath = /bin/sh;
			shellScript = "diff \"${PODS_ROOT}/../Podfile.lock\" \"${PODS_ROOT}/Manifest.lock\" > /dev/null\nif [[ $? != 0 ]] ; then\n    cat << EOM\nerror: The sandbox is not in sync with the Podfile.lock. Run 'pod install' or update your CocoaPods installation.\nEOM\n    exit 1\nfi\n";
			showEnvVarsInLog = 0;
		};
		C73557FE82CAFB4ADD8334A0 /* Copy Pods Resources */ = {
			isa = PBXShellScriptBuildPhase;
			buildActionMask = 2147483647;
			files = (
			);
			inputPaths = (
			);
			name = "Copy Pods Resources";
			outputPaths = (
			);
			runOnlyForDeploymentPostprocessing = 0;
			shellPath = /bin/sh;
			shellScript = "\"${SRCROOT}/../Pods/Target Support Files/Pods-GuidebookChallenge/Pods-GuidebookChallenge-resources.sh\"\n";
			showEnvVarsInLog = 0;
		};
/* End PBXShellScriptBuildPhase section */

/* Begin PBXSourcesBuildPhase section */
		0F7B45101A903355007AE1A6 /* Sources */ = {
			isa = PBXSourcesBuildPhase;
			buildActionMask = 2147483647;
			files = (
				0F87BA5E1A9069160054DA30 /* ObjectFromJSON.m in Sources */,
				0F7B45201A903355007AE1A6 /* TableDataViewController.m in Sources */,
				0F7B451D1A903355007AE1A6 /* AppDelegate.m in Sources */,
				0F87BA571A905EF60054DA30 /* Guide.m in Sources */,
				0F87BA5A1A90646E0054DA30 /* Venue.m in Sources */,
				0F7B451A1A903355007AE1A6 /* main.m in Sources */,
				0F87BA521A9041340054DA30 /* GuidebookRequest.m in Sources */,
			);
			runOnlyForDeploymentPostprocessing = 0;
		};
		0F7B45291A903355007AE1A6 /* Sources */ = {
			isa = PBXSourcesBuildPhase;
			buildActionMask = 2147483647;
			files = (
				0F7B45341A903355007AE1A6 /* GuidebookChallengeTests.m in Sources */,
			);
			runOnlyForDeploymentPostprocessing = 0;
		};
/* End PBXSourcesBuildPhase section */

/* Begin PBXTargetDependency section */
		0F7B452F1A903355007AE1A6 /* PBXTargetDependency */ = {
			isa = PBXTargetDependency;
			target = 0F7B45131A903355007AE1A6 /* GuidebookChallenge */;
			targetProxy = 0F7B452E1A903355007AE1A6 /* PBXContainerItemProxy */;
		};
/* End PBXTargetDependency section */

/* Begin PBXVariantGroup section */
		0F7B45211A903355007AE1A6 /* Main.storyboard */ = {
			isa = PBXVariantGroup;
			children = (
				0F7B45221A903355007AE1A6 /* Base */,
			);
			name = Main.storyboard;
			sourceTree = "<group>";
		};
		0F7B45261A903355007AE1A6 /* LaunchScreen.xib */ = {
			isa = PBXVariantGroup;
			children = (
				0F7B45271A903355007AE1A6 /* Base */,
			);
			name = LaunchScreen.xib;
			sourceTree = "<group>";
		};
/* End PBXVariantGroup section */

/* Begin XCBuildConfiguration section */
		0F7B45351A903355007AE1A6 /* Debug */ = {
			isa = XCBuildConfiguration;
			buildSettings = {
				ALWAYS_SEARCH_USER_PATHS = NO;
				CLANG_CXX_LANGUAGE_STANDARD = "gnu++0x";
				CLANG_CXX_LIBRARY = "libc++";
				CLANG_ENABLE_MODULES = YES;
				CLANG_ENABLE_OBJC_ARC = YES;
				CLANG_WARN_BOOL_CONVERSION = YES;
				CLANG_WARN_CONSTANT_CONVERSION = YES;
				CLANG_WARN_DIRECT_OBJC_ISA_USAGE = YES_ERROR;
				CLANG_WARN_EMPTY_BODY = YES;
				CLANG_WARN_ENUM_CONVERSION = YES;
				CLANG_WARN_INT_CONVERSION = YES;
				CLANG_WARN_OBJC_ROOT_CLASS = YES_ERROR;
				CLANG_WARN_UNREACHABLE_CODE = YES;
				CLANG_WARN__DUPLICATE_METHOD_MATCH = YES;
				"CODE_SIGN_IDENTITY[sdk=iphoneos*]" = "iPhone Developer";
				COPY_PHASE_STRIP = NO;
				ENABLE_STRICT_OBJC_MSGSEND = YES;
				GCC_C_LANGUAGE_STANDARD = gnu99;
				GCC_DYNAMIC_NO_PIC = NO;
				GCC_OPTIMIZATION_LEVEL = 0;
				GCC_PREPROCESSOR_DEFINITIONS = (
					"DEBUG=1",
					"$(inherited)",
				);
				GCC_SYMBOLS_PRIVATE_EXTERN = NO;
				GCC_WARN_64_TO_32_BIT_CONVERSION = YES;
				GCC_WARN_ABOUT_RETURN_TYPE = YES_ERROR;
				GCC_WARN_UNDECLARED_SELECTOR = YES;
				GCC_WARN_UNINITIALIZED_AUTOS = YES_AGGRESSIVE;
				GCC_WARN_UNUSED_FUNCTION = YES;
				GCC_WARN_UNUSED_VARIABLE = YES;
				IPHONEOS_DEPLOYMENT_TARGET = 8.1;
				MTL_ENABLE_DEBUG_INFO = YES;
				ONLY_ACTIVE_ARCH = YES;
				SDKROOT = iphoneos;
				TARGETED_DEVICE_FAMILY = "1,2";
			};
			name = Debug;
		};
		0F7B45361A903355007AE1A6 /* Release */ = {
			isa = XCBuildConfiguration;
			buildSettings = {
				ALWAYS_SEARCH_USER_PATHS = NO;
				CLANG_CXX_LANGUAGE_STANDARD = "gnu++0x";
				CLANG_CXX_LIBRARY = "libc++";
				CLANG_ENABLE_MODULES = YES;
				CLANG_ENABLE_OBJC_ARC = YES;
				CLANG_WARN_BOOL_CONVERSION = YES;
				CLANG_WARN_CONSTANT_CONVERSION = YES;
				CLANG_WARN_DIRECT_OBJC_ISA_USAGE = YES_ERROR;
				CLANG_WARN_EMPTY_BODY = YES;
				CLANG_WARN_ENUM_CONVERSION = YES;
				CLANG_WARN_INT_CONVERSION = YES;
				CLANG_WARN_OBJC_ROOT_CLASS = YES_ERROR;
				CLANG_WARN_UNREACHABLE_CODE = YES;
				CLANG_WARN__DUPLICATE_METHOD_MATCH = YES;
				"CODE_SIGN_IDENTITY[sdk=iphoneos*]" = "iPhone Developer";
				COPY_PHASE_STRIP = YES;
				ENABLE_NS_ASSERTIONS = NO;
				ENABLE_STRICT_OBJC_MSGSEND = YES;
				GCC_C_LANGUAGE_STANDARD = gnu99;
				GCC_WARN_64_TO_32_BIT_CONVERSION = YES;
				GCC_WARN_ABOUT_RETURN_TYPE = YES_ERROR;
				GCC_WARN_UNDECLARED_SELECTOR = YES;
				GCC_WARN_UNINITIALIZED_AUTOS = YES_AGGRESSIVE;
				GCC_WARN_UNUSED_FUNCTION = YES;
				GCC_WARN_UNUSED_VARIABLE = YES;
				IPHONEOS_DEPLOYMENT_TARGET = 8.1;
				MTL_ENABLE_DEBUG_INFO = NO;
				SDKROOT = iphoneos;
				TARGETED_DEVICE_FAMILY = "1,2";
				VALIDATE_PRODUCT = YES;
			};
			name = Release;
		};
		0F7B45381A903355007AE1A6 /* Debug */ = {
			isa = XCBuildConfiguration;
			baseConfigurationReference = DAB823FF92D326B294F4380D /* Pods-GuidebookChallenge.debug.xcconfig */;
			buildSettings = {
				ASSETCATALOG_COMPILER_APPICON_NAME = AppIcon;
				INFOPLIST_FILE = GuidebookChallenge/Info.plist;
				LD_RUNPATH_SEARCH_PATHS = "$(inherited) @executable_path/Frameworks";
				PRODUCT_NAME = "$(TARGET_NAME)";
			};
			name = Debug;
		};
		0F7B45391A903355007AE1A6 /* Release */ = {
			isa = XCBuildConfiguration;
			baseConfigurationReference = FA1CDD3AAC14DADCF2F30395 /* Pods-GuidebookChallenge.release.xcconfig */;
			buildSettings = {
				ASSETCATALOG_COMPILER_APPICON_NAME = AppIcon;
				INFOPLIST_FILE = GuidebookChallenge/Info.plist;
				LD_RUNPATH_SEARCH_PATHS = "$(inherited) @executable_path/Frameworks";
				PRODUCT_NAME = "$(TARGET_NAME)";
			};
			name = Release;
		};
		0F7B453B1A903355007AE1A6 /* Debug */ = {
			isa = XCBuildConfiguration;
			buildSettings = {
				BUNDLE_LOADER = "$(TEST_HOST)";
				FRAMEWORK_SEARCH_PATHS = (
					"$(SDKROOT)/Developer/Library/Frameworks",
					"$(inherited)",
				);
				GCC_PREPROCESSOR_DEFINITIONS = (
					"DEBUG=1",
					"$(inherited)",
				);
				INFOPLIST_FILE = GuidebookChallengeTests/Info.plist;
				LD_RUNPATH_SEARCH_PATHS = "$(inherited) @executable_path/Frameworks @loader_path/Frameworks";
				PRODUCT_NAME = "$(TARGET_NAME)";
				TEST_HOST = "$(BUILT_PRODUCTS_DIR)/GuidebookChallenge.app/GuidebookChallenge";
			};
			name = Debug;
		};
		0F7B453C1A903355007AE1A6 /* Release */ = {
			isa = XCBuildConfiguration;
			buildSettings = {
				BUNDLE_LOADER = "$(TEST_HOST)";
				FRAMEWORK_SEARCH_PATHS = (
					"$(SDKROOT)/Developer/Library/Frameworks",
					"$(inherited)",
				);
				INFOPLIST_FILE = GuidebookChallengeTests/Info.plist;
				LD_RUNPATH_SEARCH_PATHS = "$(inherited) @executable_path/Frameworks @loader_path/Frameworks";
				PRODUCT_NAME = "$(TARGET_NAME)";
				TEST_HOST = "$(BUILT_PRODUCTS_DIR)/GuidebookChallenge.app/GuidebookChallenge";
			};
			name = Release;
		};
/* End XCBuildConfiguration section */

/* Begin XCConfigurationList section */
		0F7B450F1A903355007AE1A6 /* Build configuration list for PBXProject "GuidebookChallenge" */ = {
			isa = XCConfigurationList;
			buildConfigurations = (
				0F7B45351A903355007AE1A6 /* Debug */,
				0F7B45361A903355007AE1A6 /* Release */,
			);
			defaultConfigurationIsVisible = 0;
			defaultConfigurationName = Release;
		};
		0F7B45371A903355007AE1A6 /* Build configuration list for PBXNativeTarget "GuidebookChallenge" */ = {
			isa = XCConfigurationList;
			buildConfigurations = (
				0F7B45381A903355007AE1A6 /* Debug */,
				0F7B45391A903355007AE1A6 /* Release */,
			);
			defaultConfigurationIsVisible = 0;
			defaultConfigurationName = Release;
		};
		0F7B453A1A903355007AE1A6 /* Build configuration list for PBXNativeTarget "GuidebookChallengeTests" */ = {
			isa = XCConfigurationList;
			buildConfigurations = (
				0F7B453B1A903355007AE1A6 /* Debug */,
				0F7B453C1A903355007AE1A6 /* Release */,
			);
			defaultConfigurationIsVisible = 0;
			defaultConfigurationName = Release;
		};
/* End XCConfigurationList section */
	};
	rootObject = 0F7B450C1A903355007AE1A6 /* Project object */;
}
